Microsoft Visual Studio Solution File, Format Version 12.00
# Visual Studio Version 17
VisualStudioVersion = 17.5.2.0
MinimumVisualStudioVersion = 10.0.40219.1
Project("{FAE04EC0-301F-11D3-BF4B-00C04F79EFBC}") = "ManagingAgriculture", "ManagingAgriculture.csproj", "{47CBECF4-A36E-3D6A-D33C-34642E3F9244}"
EndProject
Global
	GlobalSection(SolutionConfigurationPlatforms) = preSolution
		Debug|Any CPU = Debug|Any CPU
		Release|Any CPU = Release|Any CPU
	EndGlobalSection
	GlobalSection(ProjectConfigurationPlatforms) = postSolution
		{47CBECF4-A36E-3D6A-D33C-34642E3F9244}.Debug|Any CPU.ActiveCfg = Debug|Any CPU
		{47CBECF4-A36E-3D6A-D33C-34642E3F9244}.Debug|Any CPU.Build.0 = Debug|Any CPU
		{47CBECF4-A36E-3D6A-D33C-34642E3F9244}.Release|Any CPU.ActiveCfg = Release|Any CPU
		{47CBECF4-A36E-3D6A-D33C-34642E3F9244}.Release|Any CPU.Build.0 = Release|Any CPU
	EndGlobalSection
	GlobalSection(SolutionProperties) = preSolution
		HideSolutionNode = FALSE
	EndGlobalSection
	GlobalSection(ExtensibilityGlobals) = postSolution
		SolutionGuid = {EF69D9FF-15E0-4967-93C0-3D77A9B1BA76}
	EndGlobalSection
EndGlobal
